<Solution>
  <Configurations>
    <Platform Name="Any CPU" />
    <Platform Name="ARM" />
    <Platform Name="ARM64" />
    <Platform Name="x64" />
    <Platform Name="x86" />
  </Configurations>
  <Folder Name="/Docs/">
    <File Path="../LICENSE" />
    <File Path="../README.md" />
  </Folder>
  <Folder Name="/Workflows/">
    <File Path="../.github/workflows/build.yml" />
  </Folder>
  <Project Path="common/common.vcxproj" Id="736f91cd-c68a-4d40-9b07-2e94bf4e5e3d">
    <Platform Solution="*|ARM" Project="x64" />
  </Project>
  <Project Path="console/console.vcxproj" Id="ccca3217-ba46-4ada-b59b-0aca9b92d5b2">
    <Platform Solution="*|ARM" Project="x64" />
  </Project>
  <Project Path="gui/gui.vcxproj" Id="bdb95e8b-5655-41eb-91a5-d2b5f5eaa6f9">
    <Platform Solution="*|ARM" Project="x64" />
  </Project>
  <Project Path="installer/winpx-installer.wapproj" Type="c7167f0d-bc9f-4e6e-afe1-012c56b48db5" Id="71af4670-94d4-4035-8c81-aced5f6d8d60">
    <Deploy />
  </Project>
  <Project Path="tests/tests.vcxproj" Id="ff40ac35-12c8-49da-bfaf-2fd5a9ba46da">
    <Platform Solution="*|ARM" Project="x64" />
  </Project>
  <Project Path="win32/win32.vcxproj" Id="400dc26f-bdb7-4d9c-90e4-bbc7259e96dd">
    <Platform Solution="*|ARM" Project="x64" />
  </Project>
</Solution>
